{
  "name": "ecommerce",
  "lockfileVersion": 2,
  "requires": true,
  "packages": {
    "": {
      "dependencies": {
        "@stripe/stripe-js": "^1.32.0"
      }
    },
    "node_modules/@stripe/stripe-js": {
      "version": "1.32.0",
      "resolved": "https://registry.npmjs.org/@stripe/stripe-js/-/stripe-js-1.32.0.tgz",
      "integrity": "sha512-7EvBnbBfS1aynfLRmBFcuumHNGjKxnNkO47rorFBktqDYHwo7Yw6pfDW2iqq0R8r7i7XiJEdWPvvEgQAiDrx3A=="
    }
  },
  "dependencies": {
    "@stripe/stripe-js": {
      "version": "1.32.0",
      "resolved": "https://registry.npmjs.org/@stripe/stripe-js/-/stripe-js-1.32.0.tgz",
      "integrity": "sha512-7EvBnbBfS1aynfLRmBFcuumHNGjKxnNkO47rorFBktqDYHwo7Yw6pfDW2iqq0R8r7i7XiJEdWPvvEgQAiDrx3A=="
    }
  }
}
